Microsoft Visual Studio Solution File, Format Version 12.00
# Visual Studio Version 17
VisualStudioVersion = 17.0.31903.59
MinimumVisualStudioVersion = 10.0.40219.1
Project("{9A19103F-16F7-4668-BE54-9A1E7A4F7556}") = "Alivert", "Alivert\Alivert.csproj", "{0DD41EAF-CBE5-42E6-BDCB-99EB59B59790}"
EndProject
Global
	GlobalSection(SolutionConfigurationPlatforms) = preSolution
		Debug|Any CPU = Debug|Any CPU
		Release|Any CPU = Release|Any CPU
	EndGlobalSection
	GlobalSection(ProjectConfigurationPlatforms) = postSolution
		{0DD41EAF-CBE5-42E6-BDCB-99EB59B59790}.Debug|Any CPU.ActiveCfg = Debug|Any CPU
		{0DD41EAF-CBE5-42E6-BDCB-99EB59B59790}.Debug|Any CPU.Build.0 = Debug|Any CPU
		{0DD41EAF-CBE5-42E6-BDCB-99EB59B59790}.Release|Any CPU.ActiveCfg = Release|Any CPU
		{0DD41EAF-CBE5-42E6-BDCB-99EB59B59790}.Release|Any CPU.Build.0 = Release|Any CPU
	EndGlobalSection
	GlobalSection(SolutionProperties) = preSolution
		HideSolutionNode = FALSE
	EndGlobalSection
EndGlobal
